
Microsoft Visual Studio Solution File, Format Version 12.00
# Visual Studio Version 16
VisualStudioVersion = 16.0.30804.86
MinimumVisualStudioVersion = 10.0.40219.1
Project("{FAE04EC0-301F-11D3-BF4B-00C04F79EFBC}") = "ShuffleArrays", "ShuffleArrays\ShuffleArrays.csproj", "{1F4B3AD7-88AD-40C2-BF5C-35ED77E6C908}"
EndProject
Project("{FAE04EC0-301F-11D3-BF4B-00C04F79EFBC}") = "ShuffleArraysTests", "ShuffleArraysTests\ShuffleArraysTests.csproj", "{10AA973F-3D5B-48FF-A6CB-0B81D1207FAE}"
EndProject
Global
	GlobalSection(SolutionConfigurationPlatforms) = preSolution
		Debug|Any CPU = Debug|Any CPU
		Release|Any CPU = Release|Any CPU
	EndGlobalSection
	GlobalSection(ProjectConfigurationPlatforms) = postSolution
		{1F4B3AD7-88AD-40C2-BF5C-35ED77E6C908}.Debug|Any CPU.ActiveCfg = Debug|Any CPU
		{1F4B3AD7-88AD-40C2-BF5C-35ED77E6C908}.Debug|Any CPU.Build.0 = Debug|Any CPU
		{1F4B3AD7-88AD-40C2-BF5C-35ED77E6C908}.Release|Any CPU.ActiveCfg = Release|Any CPU
		{1F4B3AD7-88AD-40C2-BF5C-35ED77E6C908}.Release|Any CPU.Build.0 = Release|Any CPU
		{10AA973F-3D5B-48FF-A6CB-0B81D1207FAE}.Debug|Any CPU.ActiveCfg = Debug|Any CPU
		{10AA973F-3D5B-48FF-A6CB-0B81D1207FAE}.Debug|Any CPU.Build.0 = Debug|Any CPU
		{10AA973F-3D5B-48FF-A6CB-0B81D1207FAE}.Release|Any CPU.ActiveCfg = Release|Any CPU
		{10AA973F-3D5B-48FF-A6CB-0B81D1207FAE}.Release|Any CPU.Build.0 = Release|Any CPU
	EndGlobalSection
	GlobalSection(SolutionProperties) = preSolution
		HideSolutionNode = FALSE
	EndGlobalSection
	GlobalSection(ExtensibilityGlobals) = postSolution
		SolutionGuid = {26C627E9-3B1B-4353-AEF9-79456AD510D8}
	EndGlobalSection
EndGlobal
